
Microsoft Visual Studio Solution File, Format Version 12.00
# Visual Studio Version 17
VisualStudioVersion = 17.3.32901.215
MinimumVisualStudioVersion = 10.0.40219.1
Project("{FAE04EC0-301F-11D3-BF4B-00C04F79EFBC}") = "SimuladorCampeonato", "SimuladorCampeonato\SimuladorCampeonato.csproj", "{003FCB55-513D-466E-9AB7-23FD38CB2406}"
EndProject
Project("{FAE04EC0-301F-11D3-BF4B-00C04F79EFBC}") = "SimuladorCampeonato.Application", "SimuladorCampeonato.Application\SimuladorCampeonato.Application.csproj", "{563B4352-90D8-47ED-A041-4A3FFDDEF52E}"
EndProject
Project("{FAE04EC0-301F-11D3-BF4B-00C04F79EFBC}") = "SimuladorCampeonato.Domain", "SimuladorCampeonato.Domain\SimuladorCampeonato.Domain.csproj", "{E2C64D45-5614-41CA-A72B-8B3D78FB02D5}"
EndProject
Project("{FAE04EC0-301F-11D3-BF4B-00C04F79EFBC}") = "SimuladorCampeonato.Infra", "SimuladorCampeonato.Infra\SimuladorCampeonato.Infra.csproj", "{74C8A6C8-362E-4AC2-B72A-4D039DD3DE44}"
EndProject
Global
	GlobalSection(SolutionConfigurationPlatforms) = preSolution
		Debug|Any CPU = Debug|Any CPU
		Release|Any CPU = Release|Any CPU
	EndGlobalSection
	GlobalSection(ProjectConfigurationPlatforms) = postSolution
		{003FCB55-513D-466E-9AB7-23FD38CB2406}.Debug|Any CPU.ActiveCfg = Debug|Any CPU
		{003FCB55-513D-466E-9AB7-23FD38CB2406}.Debug|Any CPU.Build.0 = Debug|Any CPU
		{003FCB55-513D-466E-9AB7-23FD38CB2406}.Release|Any CPU.ActiveCfg = Release|Any CPU
		{003FCB55-513D-466E-9AB7-23FD38CB2406}.Release|Any CPU.Build.0 = Release|Any CPU
		{563B4352-90D8-47ED-A041-4A3FFDDEF52E}.Debug|Any CPU.ActiveCfg = Debug|Any CPU
		{563B4352-90D8-47ED-A041-4A3FFDDEF52E}.Debug|Any CPU.Build.0 = Debug|Any CPU
		{563B4352-90D8-47ED-A041-4A3FFDDEF52E}.Release|Any CPU.ActiveCfg = Release|Any CPU
		{563B4352-90D8-47ED-A041-4A3FFDDEF52E}.Release|Any CPU.Build.0 = Release|Any CPU
		{E2C64D45-5614-41CA-A72B-8B3D78FB02D5}.Debug|Any CPU.ActiveCfg = Debug|Any CPU
		{E2C64D45-5614-41CA-A72B-8B3D78FB02D5}.Debug|Any CPU.Build.0 = Debug|Any CPU
		{E2C64D45-5614-41CA-A72B-8B3D78FB02D5}.Release|Any CPU.ActiveCfg = Release|Any CPU
		{E2C64D45-5614-41CA-A72B-8B3D78FB02D5}.Release|Any CPU.Build.0 = Release|Any CPU
		{74C8A6C8-362E-4AC2-B72A-4D039DD3DE44}.Debug|Any CPU.ActiveCfg = Debug|Any CPU
		{74C8A6C8-362E-4AC2-B72A-4D039DD3DE44}.Debug|Any CPU.Build.0 = Debug|Any CPU
		{74C8A6C8-362E-4AC2-B72A-4D039DD3DE44}.Release|Any CPU.ActiveCfg = Release|Any CPU
		{74C8A6C8-362E-4AC2-B72A-4D039DD3DE44}.Release|Any CPU.Build.0 = Release|Any CPU
	EndGlobalSection
	GlobalSection(SolutionProperties) = preSolution
		HideSolutionNode = FALSE
	EndGlobalSection
	GlobalSection(ExtensibilityGlobals) = postSolution
		SolutionGuid = {EB4CABFB-59A7-4FE6-81D8-65F553CC5CA9}
	EndGlobalSection
EndGlobal
